
Microsoft Visual Studio Solution File, Format Version 12.00
# Visual Studio 15
VisualStudioVersion = 15.0.28307.572
MinimumVisualStudioVersion = 10.0.40219.1
Project("{9A19103F-16F7-4668-BE54-9A1E7A4F7556}") = "Titan.WebApi", "Titan.WebApi\Titan.WebApi.csproj", "{584A80FA-A8C8-4D72-B99D-4D4421965992}"
EndProject
Project("{2150E333-8FDC-42A3-9474-1A3956D46DE8}") = "Libraries", "Libraries", "{23956DDC-9528-4B14-BB21-74CE736C86AC}"
EndProject
Project("{9A19103F-16F7-4668-BE54-9A1E7A4F7556}") = "Titan.Service", "Titan.Service\Titan.Service.csproj", "{5EAFCF6F-00D0-4F04-BD62-DD6095B28BF9}"
EndProject
Project("{9A19103F-16F7-4668-BE54-9A1E7A4F7556}") = "Titan.Model", "Titan.Model\Titan.Model.csproj", "{3BE69A9E-22FC-4902-869D-1C6E9D7BDE4A}"
EndProject
Project("{9A19103F-16F7-4668-BE54-9A1E7A4F7556}") = "Titan.DataFactory", "Titan.DataFactory\Titan.DataFactory.csproj", "{33E6584D-708B-4EB2-92BD-9FBDA413D10C}"
EndProject
Project("{2150E333-8FDC-42A3-9474-1A3956D46DE8}") = "Tests", "Tests", "{A9B909EF-50E7-439E-A866-7DF40342BDC9}"
EndProject
Project("{9A19103F-16F7-4668-BE54-9A1E7A4F7556}") = "Titan.DataFactory.Test", "Titan.DataFactory.Test\Titan.DataFactory.Test.csproj", "{004E664D-B94D-46E8-8255-FD6327EB12C8}"
EndProject
Project("{2150E333-8FDC-42A3-9474-1A3956D46DE8}") = "Resources", "Resources", "{43FB4AC6-4496-4C28-B9BA-E4039D67E914}"
	ProjectSection(SolutionItems) = preProject
		Datum.json = Datum.json
	EndProjectSection
EndProject
Project("{9A19103F-16F7-4668-BE54-9A1E7A4F7556}") = "Titan.Service.Test", "Titan.Service.Test\Titan.Service.Test.csproj", "{075DCFB2-84E4-4B49-8411-E34762D6C285}"
EndProject
Project("{9A19103F-16F7-4668-BE54-9A1E7A4F7556}") = "Titan.IoC", "Titan.IoC\Titan.IoC.csproj", "{26103D47-D865-48DD-B12A-0E56E64A8823}"
EndProject
Project("{9A19103F-16F7-4668-BE54-9A1E7A4F7556}") = "Titan.Repository", "Titan.Repository\Titan.Repository.csproj", "{C50950DA-153C-472F-B127-5EDACA92564A}"
EndProject
Project("{9A19103F-16F7-4668-BE54-9A1E7A4F7556}") = "Titan.IdP", "Titan.IdP\Titan.IdP.csproj", "{B2F39B6C-4BC0-4495-A1A8-BEBDB3E2ABCA}"
EndProject
Project("{9A19103F-16F7-4668-BE54-9A1E7A4F7556}") = "Titan.Data", "Titan.Data\Titan.Data.csproj", "{11BCCBFE-7C2E-417F-9D3F-5515873C269B}"
EndProject
Project("{9A19103F-16F7-4668-BE54-9A1E7A4F7556}") = "Titan.Domain", "Titan.Domain\Titan.Domain.csproj", "{FA0C57E7-C209-4D78-AB02-41BDB35971C6}"
EndProject
Project("{FAE04EC0-301F-11D3-BF4B-00C04F79EFBC}") = "Titan.Common", "Titan.Common\Titan.Common.csproj", "{E91B464F-EB3D-42C0-A831-F6AE69C4DB22}"
EndProject
Project("{E24C65DC-7377-472B-9ABA-BC803B73C61A}") = "Titan-Intelligent-Web", "Titan-Intelligent-Web\", "{9AC2CCE2-148B-4225-905C-E3A013434F2D}"
	ProjectSection(WebsiteProperties) = preProject
		TargetFrameworkMoniker = ".NETFramework,Version%3Dv4.0"
		Debug.AspNetCompiler.VirtualPath = "/localhost_57442"
		Debug.AspNetCompiler.PhysicalPath = "Titan-Intelligent-Web\"
		Debug.AspNetCompiler.TargetPath = "PrecompiledWeb\localhost_57442\"
		Debug.AspNetCompiler.Updateable = "true"
		Debug.AspNetCompiler.ForceOverwrite = "true"
		Debug.AspNetCompiler.FixedNames = "false"
		Debug.AspNetCompiler.Debug = "True"
		Release.AspNetCompiler.VirtualPath = "/localhost_57442"
		Release.AspNetCompiler.PhysicalPath = "Titan-Intelligent-Web\"
		Release.AspNetCompiler.TargetPath = "PrecompiledWeb\localhost_57442\"
		Release.AspNetCompiler.Updateable = "true"
		Release.AspNetCompiler.ForceOverwrite = "true"
		Release.AspNetCompiler.FixedNames = "false"
		Release.AspNetCompiler.Debug = "False"
		VWDPort = "57442"
		SlnRelativePath = "Titan-Intelligent-Web\"
	EndProjectSection
EndProject
Global
	GlobalSection(SolutionConfigurationPlatforms) = preSolution
		Debug|Any CPU = Debug|Any CPU
		Release|Any CPU = Release|Any CPU
	EndGlobalSection
	GlobalSection(ProjectConfigurationPlatforms) = postSolution
		{584A80FA-A8C8-4D72-B99D-4D4421965992}.Debug|Any CPU.ActiveCfg = Debug|Any CPU
		{584A80FA-A8C8-4D72-B99D-4D4421965992}.Debug|Any CPU.Build.0 = Debug|Any CPU
		{584A80FA-A8C8-4D72-B99D-4D4421965992}.Release|Any CPU.ActiveCfg = Release|Any CPU
		{584A80FA-A8C8-4D72-B99D-4D4421965992}.Release|Any CPU.Build.0 = Release|Any CPU
		{5EAFCF6F-00D0-4F04-BD62-DD6095B28BF9}.Debug|Any CPU.ActiveCfg = Debug|Any CPU
		{5EAFCF6F-00D0-4F04-BD62-DD6095B28BF9}.Debug|Any CPU.Build.0 = Debug|Any CPU
		{5EAFCF6F-00D0-4F04-BD62-DD6095B28BF9}.Release|Any CPU.ActiveCfg = Release|Any CPU
		{5EAFCF6F-00D0-4F04-BD62-DD6095B28BF9}.Release|Any CPU.Build.0 = Release|Any CPU
		{3BE69A9E-22FC-4902-869D-1C6E9D7BDE4A}.Debug|Any CPU.ActiveCfg = Debug|Any CPU
		{3BE69A9E-22FC-4902-869D-1C6E9D7BDE4A}.Debug|Any CPU.Build.0 = Debug|Any CPU
		{3BE69A9E-22FC-4902-869D-1C6E9D7BDE4A}.Release|Any CPU.ActiveCfg = Release|Any CPU
		{3BE69A9E-22FC-4902-869D-1C6E9D7BDE4A}.Release|Any CPU.Build.0 = Release|Any CPU
		{33E6584D-708B-4EB2-92BD-9FBDA413D10C}.Debug|Any CPU.ActiveCfg = Debug|Any CPU
		{33E6584D-708B-4EB2-92BD-9FBDA413D10C}.Debug|Any CPU.Build.0 = Debug|Any CPU
		{33E6584D-708B-4EB2-92BD-9FBDA413D10C}.Release|Any CPU.ActiveCfg = Release|Any CPU
		{33E6584D-708B-4EB2-92BD-9FBDA413D10C}.Release|Any CPU.Build.0 = Release|Any CPU
		{004E664D-B94D-46E8-8255-FD6327EB12C8}.Debug|Any CPU.ActiveCfg = Debug|Any CPU
		{004E664D-B94D-46E8-8255-FD6327EB12C8}.Debug|Any CPU.Build.0 = Debug|Any CPU
		{004E664D-B94D-46E8-8255-FD6327EB12C8}.Release|Any CPU.ActiveCfg = Release|Any CPU
		{004E664D-B94D-46E8-8255-FD6327EB12C8}.Release|Any CPU.Build.0 = Release|Any CPU
		{075DCFB2-84E4-4B49-8411-E34762D6C285}.Debug|Any CPU.ActiveCfg = Debug|Any CPU
		{075DCFB2-84E4-4B49-8411-E34762D6C285}.Debug|Any CPU.Build.0 = Debug|Any CPU
		{075DCFB2-84E4-4B49-8411-E34762D6C285}.Release|Any CPU.ActiveCfg = Release|Any CPU
		{075DCFB2-84E4-4B49-8411-E34762D6C285}.Release|Any CPU.Build.0 = Release|Any CPU
		{26103D47-D865-48DD-B12A-0E56E64A8823}.Debug|Any CPU.ActiveCfg = Debug|Any CPU
		{26103D47-D865-48DD-B12A-0E56E64A8823}.Debug|Any CPU.Build.0 = Debug|Any CPU
		{26103D47-D865-48DD-B12A-0E56E64A8823}.Release|Any CPU.ActiveCfg = Release|Any CPU
		{26103D47-D865-48DD-B12A-0E56E64A8823}.Release|Any CPU.Build.0 = Release|Any CPU
		{C50950DA-153C-472F-B127-5EDACA92564A}.Debug|Any CPU.ActiveCfg = Debug|Any CPU
		{C50950DA-153C-472F-B127-5EDACA92564A}.Debug|Any CPU.Build.0 = Debug|Any CPU
		{C50950DA-153C-472F-B127-5EDACA92564A}.Release|Any CPU.ActiveCfg = Release|Any CPU
		{C50950DA-153C-472F-B127-5EDACA92564A}.Release|Any CPU.Build.0 = Release|Any CPU
		{B2F39B6C-4BC0-4495-A1A8-BEBDB3E2ABCA}.Debug|Any CPU.ActiveCfg = Debug|Any CPU
		{B2F39B6C-4BC0-4495-A1A8-BEBDB3E2ABCA}.Debug|Any CPU.Build.0 = Debug|Any CPU
		{B2F39B6C-4BC0-4495-A1A8-BEBDB3E2ABCA}.Release|Any CPU.ActiveCfg = Release|Any CPU
		{B2F39B6C-4BC0-4495-A1A8-BEBDB3E2ABCA}.Release|Any CPU.Build.0 = Release|Any CPU
		{11BCCBFE-7C2E-417F-9D3F-5515873C269B}.Debug|Any CPU.ActiveCfg = Debug|Any CPU
		{11BCCBFE-7C2E-417F-9D3F-5515873C269B}.Debug|Any CPU.Build.0 = Debug|Any CPU
		{11BCCBFE-7C2E-417F-9D3F-5515873C269B}.Release|Any CPU.ActiveCfg = Release|Any CPU
		{11BCCBFE-7C2E-417F-9D3F-5515873C269B}.Release|Any CPU.Build.0 = Release|Any CPU
		{FA0C57E7-C209-4D78-AB02-41BDB35971C6}.Debug|Any CPU.ActiveCfg = Debug|Any CPU
		{FA0C57E7-C209-4D78-AB02-41BDB35971C6}.Debug|Any CPU.Build.0 = Debug|Any CPU
		{FA0C57E7-C209-4D78-AB02-41BDB35971C6}.Release|Any CPU.ActiveCfg = Release|Any CPU
		{FA0C57E7-C209-4D78-AB02-41BDB35971C6}.Release|Any CPU.Build.0 = Release|Any CPU
		{E91B464F-EB3D-42C0-A831-F6AE69C4DB22}.Debug|Any CPU.ActiveCfg = Debug|Any CPU
		{E91B464F-EB3D-42C0-A831-F6AE69C4DB22}.Debug|Any CPU.Build.0 = Debug|Any CPU
		{E91B464F-EB3D-42C0-A831-F6AE69C4DB22}.Release|Any CPU.ActiveCfg = Release|Any CPU
		{E91B464F-EB3D-42C0-A831-F6AE69C4DB22}.Release|Any CPU.Build.0 = Release|Any CPU
		{9AC2CCE2-148B-4225-905C-E3A013434F2D}.Debug|Any CPU.ActiveCfg = Debug|Any CPU
		{9AC2CCE2-148B-4225-905C-E3A013434F2D}.Debug|Any CPU.Build.0 = Debug|Any CPU
		{9AC2CCE2-148B-4225-905C-E3A013434F2D}.Release|Any CPU.ActiveCfg = Debug|Any CPU
		{9AC2CCE2-148B-4225-905C-E3A013434F2D}.Release|Any CPU.Build.0 = Debug|Any CPU
	EndGlobalSection
	GlobalSection(SolutionProperties) = preSolution
		HideSolutionNode = FALSE
	EndGlobalSection
	GlobalSection(NestedProjects) = preSolution
		{5EAFCF6F-00D0-4F04-BD62-DD6095B28BF9} = {23956DDC-9528-4B14-BB21-74CE736C86AC}
		{3BE69A9E-22FC-4902-869D-1C6E9D7BDE4A} = {23956DDC-9528-4B14-BB21-74CE736C86AC}
		{33E6584D-708B-4EB2-92BD-9FBDA413D10C} = {23956DDC-9528-4B14-BB21-74CE736C86AC}
		{004E664D-B94D-46E8-8255-FD6327EB12C8} = {A9B909EF-50E7-439E-A866-7DF40342BDC9}
		{075DCFB2-84E4-4B49-8411-E34762D6C285} = {A9B909EF-50E7-439E-A866-7DF40342BDC9}
		{26103D47-D865-48DD-B12A-0E56E64A8823} = {23956DDC-9528-4B14-BB21-74CE736C86AC}
		{C50950DA-153C-472F-B127-5EDACA92564A} = {23956DDC-9528-4B14-BB21-74CE736C86AC}
		{11BCCBFE-7C2E-417F-9D3F-5515873C269B} = {23956DDC-9528-4B14-BB21-74CE736C86AC}
		{FA0C57E7-C209-4D78-AB02-41BDB35971C6} = {23956DDC-9528-4B14-BB21-74CE736C86AC}
		{E91B464F-EB3D-42C0-A831-F6AE69C4DB22} = {23956DDC-9528-4B14-BB21-74CE736C86AC}
	EndGlobalSection
	GlobalSection(ExtensibilityGlobals) = postSolution
		SolutionGuid = {E0D08CDE-0F45-45C4-9A1B-FDCB3446D3E8}
	EndGlobalSection
EndGlobal
